
Microsoft Visual Studio Solution File, Format Version 12.00
# Visual Studio Version 16
VisualStudioVersion = 16.0.31911.196
MinimumVisualStudioVersion = 10.0.40219.1
Project("{9A19103F-16F7-4668-BE54-9A1E7A4F7556}") = "TaskTracker.Data", "TaskTracker.Data\TaskTracker.Data.csproj", "{C45F0A0B-E863-44F0-BFF1-8BCB43DE77B2}"
EndProject
Project("{9A19103F-16F7-4668-BE54-9A1E7A4F7556}") = "TaskTracker.Business", "TaskTracker.Business\TaskTracker.Business.csproj", "{FCA44583-689F-4949-B46F-204EE5E273CC}"
EndProject
Project("{9A19103F-16F7-4668-BE54-9A1E7A4F7556}") = "TaskTracker.WebApi", "TaskTracker.WebApi\TaskTracker.WebApi.csproj", "{B6C95E68-A67F-44AC-AE55-7A64F8E9C704}"
EndProject
Project("{FAE04EC0-301F-11D3-BF4B-00C04F79EFBC}") = "TaskTracker.WebApi.UnitTests", "TaskTracker.WebApi.UnitTests\TaskTracker.WebApi.UnitTests.csproj", "{0229A000-F4FF-40D9-AFAC-DAFE915A40EF}"
EndProject
Global
	GlobalSection(SolutionConfigurationPlatforms) = preSolution
		Debug|Any CPU = Debug|Any CPU
		Release|Any CPU = Release|Any CPU
	EndGlobalSection
	GlobalSection(ProjectConfigurationPlatforms) = postSolution
		{C45F0A0B-E863-44F0-BFF1-8BCB43DE77B2}.Debug|Any CPU.ActiveCfg = Debug|Any CPU
		{C45F0A0B-E863-44F0-BFF1-8BCB43DE77B2}.Debug|Any CPU.Build.0 = Debug|Any CPU
		{C45F0A0B-E863-44F0-BFF1-8BCB43DE77B2}.Release|Any CPU.ActiveCfg = Release|Any CPU
		{C45F0A0B-E863-44F0-BFF1-8BCB43DE77B2}.Release|Any CPU.Build.0 = Release|Any CPU
		{FCA44583-689F-4949-B46F-204EE5E273CC}.Debug|Any CPU.ActiveCfg = Debug|Any CPU
		{FCA44583-689F-4949-B46F-204EE5E273CC}.Debug|Any CPU.Build.0 = Debug|Any CPU
		{FCA44583-689F-4949-B46F-204EE5E273CC}.Release|Any CPU.ActiveCfg = Release|Any CPU
		{FCA44583-689F-4949-B46F-204EE5E273CC}.Release|Any CPU.Build.0 = Release|Any CPU
		{B6C95E68-A67F-44AC-AE55-7A64F8E9C704}.Debug|Any CPU.ActiveCfg = Debug|Any CPU
		{B6C95E68-A67F-44AC-AE55-7A64F8E9C704}.Debug|Any CPU.Build.0 = Debug|Any CPU
		{B6C95E68-A67F-44AC-AE55-7A64F8E9C704}.Release|Any CPU.ActiveCfg = Release|Any CPU
		{B6C95E68-A67F-44AC-AE55-7A64F8E9C704}.Release|Any CPU.Build.0 = Release|Any CPU
		{0229A000-F4FF-40D9-AFAC-DAFE915A40EF}.Debug|Any CPU.ActiveCfg = Debug|Any CPU
		{0229A000-F4FF-40D9-AFAC-DAFE915A40EF}.Debug|Any CPU.Build.0 = Debug|Any CPU
		{0229A000-F4FF-40D9-AFAC-DAFE915A40EF}.Release|Any CPU.ActiveCfg = Release|Any CPU
		{0229A000-F4FF-40D9-AFAC-DAFE915A40EF}.Release|Any CPU.Build.0 = Release|Any CPU
	EndGlobalSection
	GlobalSection(SolutionProperties) = preSolution
		HideSolutionNode = FALSE
	EndGlobalSection
	GlobalSection(ExtensibilityGlobals) = postSolution
		SolutionGuid = {8B23BA60-98E3-4458-95E4-88266797F1F7}
	EndGlobalSection
EndGlobal
